
Microsoft Visual Studio Solution File, Format Version 12.00
# Visual Studio Version 16
VisualStudioVersion = 16.0.31205.134
MinimumVisualStudioVersion = 10.0.40219.1
Project("{FAE04EC0-301F-11D3-BF4B-00C04F79EFBC}") = "SistemaLicenci_SuppCenter", "SistemaLicenci_SuppCenter\SistemaLicenci_SuppCenter.csproj", "{A16E416F-1DD4-411F-9903-79B5111A6F16}"
EndProject
Global
	GlobalSection(SolutionConfigurationPlatforms) = preSolution
		Debug|Any CPU = Debug|Any CPU
		Release|Any CPU = Release|Any CPU
	EndGlobalSection
	GlobalSection(ProjectConfigurationPlatforms) = postSolution
		{A16E416F-1DD4-411F-9903-79B5111A6F16}.Debug|Any CPU.ActiveCfg = Debug|Any CPU
		{A16E416F-1DD4-411F-9903-79B5111A6F16}.Debug|Any CPU.Build.0 = Debug|Any CPU
		{A16E416F-1DD4-411F-9903-79B5111A6F16}.Release|Any CPU.ActiveCfg = Release|Any CPU
		{A16E416F-1DD4-411F-9903-79B5111A6F16}.Release|Any CPU.Build.0 = Release|Any CPU
	EndGlobalSection
	GlobalSection(SolutionProperties) = preSolution
		HideSolutionNode = FALSE
	EndGlobalSection
	GlobalSection(ExtensibilityGlobals) = postSolution
		SolutionGuid = {AB17AF85-5633-4A24-8C90-70171072374E}
	EndGlobalSection
EndGlobal
